
Microsoft Visual Studio Solution File, Format Version 12.00
# Visual Studio Version 17
VisualStudioVersion = 17.7.34024.191
MinimumVisualStudioVersion = 10.0.40219.1
Project("{FAE04EC0-301F-11D3-BF4B-00C04F79EFBC}") = "oblig 4", "oblig 4\oblig 4.csproj", "{FE3F00C7-D735-468A-AF0A-E6738560580C}"
EndProject
Global
	GlobalSection(SolutionConfigurationPlatforms) = preSolution
		Debug|Any CPU = Debug|Any CPU
		Release|Any CPU = Release|Any CPU
	EndGlobalSection
	GlobalSection(ProjectConfigurationPlatforms) = postSolution
		{FE3F00C7-D735-468A-AF0A-E6738560580C}.Debug|Any CPU.ActiveCfg = Debug|Any CPU
		{FE3F00C7-D735-468A-AF0A-E6738560580C}.Debug|Any CPU.Build.0 = Debug|Any CPU
		{FE3F00C7-D735-468A-AF0A-E6738560580C}.Release|Any CPU.ActiveCfg = Release|Any CPU
		{FE3F00C7-D735-468A-AF0A-E6738560580C}.Release|Any CPU.Build.0 = Release|Any CPU
	EndGlobalSection
	GlobalSection(SolutionProperties) = preSolution
		HideSolutionNode = FALSE
	EndGlobalSection
	GlobalSection(ExtensibilityGlobals) = postSolution
		SolutionGuid = {F5D8CDF0-6586-4216-BC02-5AA599DA7301}
	EndGlobalSection
EndGlobal
